{
  "version": 4,
  "terraform_version": "1.9.2",
  "serial": 1,
  "lineage": "2efb0e85-01c5-0d9c-9b3e-054aab8eac0b",
  "outputs": {},
  "resources": [
    {
      "mode": "managed",
      "type": "spotify_playlist",
      "name": "sike_hits",
      "provider": "provider[\"registry.terraform.io/conradludgate/spotify\"]",
      "instances": [
        {
          "schema_version": 0,
          "attributes": {
            "description": null,
            "id": "6a8pQIgQOkbb194klqMRr8",
            "name": "Sike Hits",
            "public": true,
            "snapshot_id": "AAAAAtMhLJFulEoxZQi5PXJkI/h2jgTF",
            "tracks": [
              "3FqtduiaqnFYvBgKuc6QWQ"
            ]
          },
          "sensitive_attributes": [],
          "private": "bnVsbA=="
        }
      ]
    }
  ],
  "check_results": null
}
